
Microsoft Visual Studio Solution File, Format Version 12.00
# Visual Studio Version 17
VisualStudioVersion = 17.8.34525.116
MinimumVisualStudioVersion = 10.0.40219.1
Project("{8BC9CEB8-8B4A-11D0-8D11-00A0C91BC942}") = "task3", "task3.vcxproj", "{F5D4D4E3-5565-4059-8DCE-902F6E76639D}"
EndProject
Global
	GlobalSection(SolutionConfigurationPlatforms) = preSolution
		Debug|x64 = Debug|x64
		Debug|x86 = Debug|x86
		Release|x64 = Release|x64
		Release|x86 = Release|x86
	EndGlobalSection
	GlobalSection(ProjectConfigurationPlatforms) = postSolution
		{F5D4D4E3-5565-4059-8DCE-902F6E76639D}.Debug|x64.ActiveCfg = Debug|x64
		{F5D4D4E3-5565-4059-8DCE-902F6E76639D}.Debug|x64.Build.0 = Debug|x64
		{F5D4D4E3-5565-4059-8DCE-902F6E76639D}.Debug|x86.ActiveCfg = Debug|Win32
		{F5D4D4E3-5565-4059-8DCE-902F6E76639D}.Debug|x86.Build.0 = Debug|Win32
		{F5D4D4E3-5565-4059-8DCE-902F6E76639D}.Release|x64.ActiveCfg = Release|x64
		{F5D4D4E3-5565-4059-8DCE-902F6E76639D}.Release|x64.Build.0 = Release|x64
		{F5D4D4E3-5565-4059-8DCE-902F6E76639D}.Release|x86.ActiveCfg = Release|Win32
		{F5D4D4E3-5565-4059-8DCE-902F6E76639D}.Release|x86.Build.0 = Release|Win32
	EndGlobalSection
	GlobalSection(SolutionProperties) = preSolution
		HideSolutionNode = FALSE
	EndGlobalSection
	GlobalSection(ExtensibilityGlobals) = postSolution
		SolutionGuid = {680CFA6B-7F08-4616-9D08-F45ECE382FE7}
	EndGlobalSection
EndGlobal
