
Microsoft Visual Studio Solution File, Format Version 12.00
# Visual Studio Version 17
VisualStudioVersion = 17.8.34525.116
MinimumVisualStudioVersion = 10.0.40219.1
Project("{8BC9CEB8-8B4A-11D0-8D11-00A0C91BC942}") = "task1", "task1.vcxproj", "{A1EA8F64-2250-4C69-ABA7-BFB6B0578A10}"
EndProject
Global
	GlobalSection(SolutionConfigurationPlatforms) = preSolution
		Debug|x64 = Debug|x64
		Debug|x86 = Debug|x86
		Release|x64 = Release|x64
		Release|x86 = Release|x86
	EndGlobalSection
	GlobalSection(ProjectConfigurationPlatforms) = postSolution
		{A1EA8F64-2250-4C69-ABA7-BFB6B0578A10}.Debug|x64.ActiveCfg = Debug|x64
		{A1EA8F64-2250-4C69-ABA7-BFB6B0578A10}.Debug|x64.Build.0 = Debug|x64
		{A1EA8F64-2250-4C69-ABA7-BFB6B0578A10}.Debug|x86.ActiveCfg = Debug|Win32
		{A1EA8F64-2250-4C69-ABA7-BFB6B0578A10}.Debug|x86.Build.0 = Debug|Win32
		{A1EA8F64-2250-4C69-ABA7-BFB6B0578A10}.Release|x64.ActiveCfg = Release|x64
		{A1EA8F64-2250-4C69-ABA7-BFB6B0578A10}.Release|x64.Build.0 = Release|x64
		{A1EA8F64-2250-4C69-ABA7-BFB6B0578A10}.Release|x86.ActiveCfg = Release|Win32
		{A1EA8F64-2250-4C69-ABA7-BFB6B0578A10}.Release|x86.Build.0 = Release|Win32
	EndGlobalSection
	GlobalSection(SolutionProperties) = preSolution
		HideSolutionNode = FALSE
	EndGlobalSection
	GlobalSection(ExtensibilityGlobals) = postSolution
		SolutionGuid = {DF2E3CA9-0B56-42E3-8172-8D200776B680}
	EndGlobalSection
EndGlobal
