
Microsoft Visual Studio Solution File, Format Version 12.00
# Visual Studio Version 17
VisualStudioVersion = 17.3.32811.315
MinimumVisualStudioVersion = 10.0.40219.1
Project("{8BC9CEB8-8B4A-11D0-8D11-00A0C91BC942}") = "task2", "task2.vcxproj", "{77FE31C3-FFD4-499C-A69D-85B02F20BCD1}"
EndProject
Global
	GlobalSection(SolutionConfigurationPlatforms) = preSolution
		Debug|x64 = Debug|x64
		Debug|x86 = Debug|x86
		Release|x64 = Release|x64
		Release|x86 = Release|x86
	EndGlobalSection
	GlobalSection(ProjectConfigurationPlatforms) = postSolution
		{77FE31C3-FFD4-499C-A69D-85B02F20BCD1}.Debug|x64.ActiveCfg = Debug|x64
		{77FE31C3-FFD4-499C-A69D-85B02F20BCD1}.Debug|x64.Build.0 = Debug|x64
		{77FE31C3-FFD4-499C-A69D-85B02F20BCD1}.Debug|x86.ActiveCfg = Debug|Win32
		{77FE31C3-FFD4-499C-A69D-85B02F20BCD1}.Debug|x86.Build.0 = Debug|Win32
		{77FE31C3-FFD4-499C-A69D-85B02F20BCD1}.Release|x64.ActiveCfg = Release|x64
		{77FE31C3-FFD4-499C-A69D-85B02F20BCD1}.Release|x64.Build.0 = Release|x64
		{77FE31C3-FFD4-499C-A69D-85B02F20BCD1}.Release|x86.ActiveCfg = Release|Win32
		{77FE31C3-FFD4-499C-A69D-85B02F20BCD1}.Release|x86.Build.0 = Release|Win32
	EndGlobalSection
	GlobalSection(SolutionProperties) = preSolution
		HideSolutionNode = FALSE
	EndGlobalSection
	GlobalSection(ExtensibilityGlobals) = postSolution
		SolutionGuid = {A187073C-2254-4CF9-87BD-318F0D5B3FAA}
	EndGlobalSection
EndGlobal
